// !$*UTF8*$!
{
	archiveVersion = 1;
	classes = {
	};
	objectVersion = 46;
	objects = {

/* Begin PBXBuildFile section */
		03BE1E941D3C5AFD0012B016 /* ezra_lab10_pc1.cpp in Sources */ = {isa = PBXBuildFile; fileRef = 03BE1E931D3C5AFD0012B016 /* ezra_lab10_pc1.cpp */; };
		03BE1E9B1D3C5FF20012B016 /* ezra_lab10_pc2.cpp in Sources */ = {isa = PBXBuildFile; fileRef = 03BE1E9A1D3C5FF20012B016 /* ezra_lab10_pc2.cpp */; };
		03BE1E9D1D3C63BD0012B016 /* ezra_lab10_pc7.cpp in Sources */ = {isa = PBXBuildFile; fileRef = 03BE1E9C1D3C63BD0012B016 /* ezra_lab10_pc7.cpp */; };
		03BE1E9F1D3C76FC0012B016 /* ezra_lab10_pc8.cpp in Sources */ = {isa = PBXBuildFile; fileRef = 03BE1E9E1D3C76FC0012B016 /* ezra_lab10_pc8.cpp */; };
		03BE1EA11D3C88D20012B016 /* ezra_lab10_pc12.cpp in Sources */ = {isa = PBXBuildFile; fileRef = 03BE1EA01D3C88D20012B016 /* ezra_lab10_pc12.cpp */; };
/* End PBXBuildFile section */

/* Begin PBXCopyFilesBuildPhase section */
		03BE1E8E1D3C5AFD0012B016 /* CopyFiles */ = {
			isa = PBXCopyFilesBuildPhase;
			buildActionMask = 2147483647;
			dstPath = /usr/share/man/man1/;
			dstSubfolderSpec = 0;
			files = (
			);
			runOnlyForDeploymentPostprocessing = 1;
		};
/* End PBXCopyFilesBuildPhase section */

/* Begin PBXFileReference section */
		03BE1E901D3C5AFD0012B016 /* Lab10 */ = {isa = PBXFileReference; explicitFileType = "compiled.mach-o.executable"; includeInIndex = 0; path = Lab10; sourceTree = BUILT_PRODUCTS_DIR; };
		03BE1E931D3C5AFD0012B016 /* ezra_lab10_pc1.cpp */ = {isa = PBXFileReference; lastKnownFileType = sourcecode.cpp.cpp; path = ezra_lab10_pc1.cpp; sourceTree = "<group>"; };
		03BE1E9A1D3C5FF20012B016 /* ezra_lab10_pc2.cpp */ = {isa = PBXFileReference; fileEncoding = 4; lastKnownFileType = sourcecode.cpp.cpp; path = ezra_lab10_pc2.cpp; sourceTree = "<group>"; };
		03BE1E9C1D3C63BD0012B016 /* ezra_lab10_pc7.cpp */ = {isa = PBXFileReference; fileEncoding = 4; lastKnownFileType = sourcecode.cpp.cpp; path = ezra_lab10_pc7.cpp; sourceTree = "<group>"; };
		03BE1E9E1D3C76FC0012B016 /* ezra_lab10_pc8.cpp */ = {isa = PBXFileReference; fileEncoding = 4; lastKnownFileType = sourcecode.cpp.cpp; path = ezra_lab10_pc8.cpp; sourceTree = "<group>"; };
		03BE1EA01D3C88D20012B016 /* ezra_lab10_pc12.cpp */ = {isa = PBXFileReference; fileEncoding = 4; lastKnownFileType = sourcecode.cpp.cpp; path = ezra_lab10_pc12.cpp; sourceTree = "<group>"; };
/* End PBXFileReference section */

/* Begin PBXFrameworksBuildPhase section */
		03BE1E8D1D3C5AFD0012B016 /* Frameworks */ = {
			isa = PBXFrameworksBuildPhase;
			buildActionMask = 2147483647;
			files = (
			);
			runOnlyForDeploymentPostprocessing = 0;
		};
/* End PBXFrameworksBuildPhase section */

/* Begin PBXGroup section */
		03BE1E871D3C5AFC0012B016 = {
			isa = PBXGroup;
			children = (
				03BE1E921D3C5AFD0012B016 /* Lab10 */,
				03BE1E911D3C5AFD0012B016 /* Products */,
			);
			sourceTree = "<group>";
		};
		03BE1E911D3C5AFD0012B016 /* Products */ = {
			isa = PBXGroup;
			children = (
				03BE1E901D3C5AFD0012B016 /* Lab10 */,
			);
			name = Products;
			sourceTree = "<group>";
		};
		03BE1E921D3C5AFD0012B016 /* Lab10 */ = {
			isa = PBXGroup;
			children = (
				03BE1E931D3C5AFD0012B016 /* ezra_lab10_pc1.cpp */,
				03BE1E9A1D3C5FF20012B016 /* ezra_lab10_pc2.cpp */,
				03BE1E9C1D3C63BD0012B016 /* ezra_lab10_pc7.cpp */,
				03BE1E9E1D3C76FC0012B016 /* ezra_lab10_pc8.cpp */,
				03BE1EA01D3C88D20012B016 /* ezra_lab10_pc12.cpp */,
			);
			path = Lab10;
			sourceTree = "<group>";
		};
/* End PBXGroup section */

/* Begin PBXNativeTarget section */
		03BE1E8F1D3C5AFD0012B016 /* Lab10 */ = {
			isa = PBXNativeTarget;
			buildConfigurationList = 03BE1E971D3C5AFD0012B016 /* Build configuration list for PBXNativeTarget "Lab10" */;
			buildPhases = (
				03BE1E8C1D3C5AFD0012B016 /* Sources */,
				03BE1E8D1D3C5AFD0012B016 /* Frameworks */,
				03BE1E8E1D3C5AFD0012B016 /* CopyFiles */,
			);
			buildRules = (
			);
			dependencies = (
			);
			name = Lab10;
			productName = Lab10;
			productReference = 03BE1E901D3C5AFD0012B016 /* Lab10 */;
			productType = "com.apple.product-type.tool";
		};
/* End PBXNativeTarget section */

/* Begin PBXProject section */
		03BE1E881D3C5AFC0012B016 /* Project object */ = {
			isa = PBXProject;
			attributes = {
				LastUpgradeCheck = 0730;
				ORGANIZATIONNAME = "Ezra Chang";
				TargetAttributes = {
					03BE1E8F1D3C5AFD0012B016 = {
						CreatedOnToolsVersion = 7.3.1;
					};
				};
			};
			buildConfigurationList = 03BE1E8B1D3C5AFD0012B016 /* Build configuration list for PBXProject "Lab10" */;
			compatibilityVersion = "Xcode 3.2";
			developmentRegion = English;
			hasScannedForEncodings = 0;
			knownRegions = (
				en,
			);
			mainGroup = 03BE1E871D3C5AFC0012B016;
			productRefGroup = 03BE1E911D3C5AFD0012B016 /* Products */;
			projectDirPath = "";
			projectRoot = "";
			targets = (
				03BE1E8F1D3C5AFD0012B016 /* Lab10 */,
			);
		};
/* End PBXProject section */

/* Begin PBXSourcesBuildPhase section */
		03BE1E8C1D3C5AFD0012B016 /* Sources */ = {
			isa = PBXSourcesBuildPhase;
			buildActionMask = 2147483647;
			files = (
				03BE1E9D1D3C63BD0012B016 /* ezra_lab10_pc7.cpp in Sources */,
				03BE1EA11D3C88D20012B016 /* ezra_lab10_pc12.cpp in Sources */,
				03BE1E9B1D3C5FF20012B016 /* ezra_lab10_pc2.cpp in Sources */,
				03BE1E9F1D3C76FC0012B016 /* ezra_lab10_pc8.cpp in Sources */,
				03BE1E941D3C5AFD0012B016 /* ezra_lab10_pc1.cpp in Sources */,
			);
			runOnlyForDeploymentPostprocessing = 0;
		};
/* End PBXSourcesBuildPhase section */

/* Begin XCBuildConfiguration section */
		03BE1E951D3C5AFD0012B016 /* Debug */ = {
			isa = XCBuildConfiguration;
			buildSettings = {
				ALWAYS_SEARCH_USER_PATHS = NO;
				CLANG_ANALYZER_NONNULL = YES;
				CLANG_CXX_LANGUAGE_STANDARD = "gnu++0x";
				CLANG_CXX_LIBRARY = "libc++";
				CLANG_ENABLE_MODULES = YES;
				CLANG_ENABLE_OBJC_ARC = YES;
				CLANG_WARN_BOOL_CONVERSION = YES;
				CLANG_WARN_CONSTANT_CONVERSION = YES;
				CLANG_WARN_DIRECT_OBJC_ISA_USAGE = YES_ERROR;
				CLANG_WARN_EMPTY_BODY = YES;
				CLANG_WARN_ENUM_CONVERSION = YES;
				CLANG_WARN_INT_CONVERSION = YES;
				CLANG_WARN_OBJC_ROOT_CLASS = YES_ERROR;
				CLANG_WARN_UNREACHABLE_CODE = YES;
				CLANG_WARN__DUPLICATE_METHOD_MATCH = YES;
				CODE_SIGN_IDENTITY = "-";
				COPY_PHASE_STRIP = NO;
				DEBUG_INFORMATION_FORMAT = dwarf;
				ENABLE_STRICT_OBJC_MSGSEND = YES;
				ENABLE_TESTABILITY = YES;
				GCC_C_LANGUAGE_STANDARD = gnu99;
				GCC_DYNAMIC_NO_PIC = NO;
				GCC_NO_COMMON_BLOCKS = YES;
				GCC_OPTIMIZATION_LEVEL = 0;
				GCC_PREPROCESSOR_DEFINITIONS = (
					"DEBUG=1",
					"$(inherited)",
				);
				GCC_WARN_64_TO_32_BIT_CONVERSION = YES;
				GCC_WARN_ABOUT_RETURN_TYPE = YES_ERROR;
				GCC_WARN_UNDECLARED_SELECTOR = YES;
				GCC_WARN_UNINITIALIZED_AUTOS = YES_AGGRESSIVE;
				GCC_WARN_UNUSED_FUNCTION = YES;
				GCC_WARN_UNUSED_VARIABLE = YES;
				MACOSX_DEPLOYMENT_TARGET = 10.11;
				MTL_ENABLE_DEBUG_INFO = YES;
				ONLY_ACTIVE_ARCH = YES;
				SDKROOT = macosx;
			};
			name = Debug;
		};
		03BE1E961D3C5AFD0012B016 /* Release */ = {
			isa = XCBuildConfiguration;
			buildSettings = {
				ALWAYS_SEARCH_USER_PATHS = NO;
				CLANG_ANALYZER_NONNULL = YES;
				CLANG_CXX_LANGUAGE_STANDARD = "gnu++0x";
				CLANG_CXX_LIBRARY = "libc++";
				CLANG_ENABLE_MODULES = YES;
				CLANG_ENABLE_OBJC_ARC = YES;
				CLANG_WARN_BOOL_CONVERSION = YES;
				CLANG_WARN_CONSTANT_CONVERSION = YES;
				CLANG_WARN_DIRECT_OBJC_ISA_USAGE = YES_ERROR;
				CLANG_WARN_EMPTY_BODY = YES;
				CLANG_WARN_ENUM_CONVERSION = YES;
				CLANG_WARN_INT_CONVERSION = YES;
				CLANG_WARN_OBJC_ROOT_CLASS = YES_ERROR;
				CLANG_WARN_UNREACHABLE_CODE = YES;
				CLANG_WARN__DUPLICATE_METHOD_MATCH = YES;
				CODE_SIGN_IDENTITY = "-";
				COPY_PHASE_STRIP = NO;
				DEBUG_INFORMATION_FORMAT = "dwarf-with-dsym";
				ENABLE_NS_ASSERTIONS = NO;
				ENABLE_STRICT_OBJC_MSGSEND = YES;
				GCC_C_LANGUAGE_STANDARD = gnu99;
				GCC_NO_COMMON_BLOCKS = YES;
				GCC_WARN_64_TO_32_BIT_CONVERSION = YES;
				GCC_WARN_ABOUT_RETURN_TYPE = YES_ERROR;
				GCC_WARN_UNDECLARED_SELECTOR = YES;
				GCC_WARN_UNINITIALIZED_AUTOS = YES_AGGRESSIVE;
				GCC_WARN_UNUSED_FUNCTION = YES;
				GCC_WARN_UNUSED_VARIABLE = YES;
				MACOSX_DEPLOYMENT_TARGET = 10.11;
				MTL_ENABLE_DEBUG_INFO = NO;
				SDKROOT = macosx;
			};
			name = Release;
		};
		03BE1E981D3C5AFD0012B016 /* Debug */ = {
			isa = XCBuildConfiguration;
			buildSettings = {
				PRODUCT_NAME = "$(TARGET_NAME)";
			};
			name = Debug;
		};
		03BE1E991D3C5AFD0012B016 /* Release */ = {
			isa = XCBuildConfiguration;
			buildSettings = {
				PRODUCT_NAME = "$(TARGET_NAME)";
			};
			name = Release;
		};
/* End XCBuildConfiguration section */

/* Begin XCConfigurationList section */
		03BE1E8B1D3C5AFD0012B016 /* Build configuration list for PBXProject "Lab10" */ = {
			isa = XCConfigurationList;
			buildConfigurations = (
				03BE1E951D3C5AFD0012B016 /* Debug */,
				03BE1E961D3C5AFD0012B016 /* Release */,
			);
			defaultConfigurationIsVisible = 0;
			defaultConfigurationName = Release;
		};
		03BE1E971D3C5AFD0012B016 /* Build configuration list for PBXNativeTarget "Lab10" */ = {
			isa = XCConfigurationList;
			buildConfigurations = (
				03BE1E981D3C5AFD0012B016 /* Debug */,
				03BE1E991D3C5AFD0012B016 /* Release */,
			);
			defaultConfigurationIsVisible = 0;
		};
/* End XCConfigurationList section */
	};
	rootObject = 03BE1E881D3C5AFC0012B016 /* Project object */;
}
