// !$*UTF8*$!
{
	archiveVersion = 1;
	classes = {
	};
	objectVersion = 46;
	objects = {

/* Begin PBXBuildFile section */
		03E32B661D45EC7E00C33626 /* ezra_lab12_ch13pc12.cpp in Sources */ = {isa = PBXBuildFile; fileRef = 03E32B651D45EC7E00C33626 /* ezra_lab12_ch13pc12.cpp */; };
		03E32B701D45F28F00C33626 /* Coin.cpp in Sources */ = {isa = PBXBuildFile; fileRef = 03E32B6E1D45F28F00C33626 /* Coin.cpp */; };
/* End PBXBuildFile section */

/* Begin PBXCopyFilesBuildPhase section */
		03E32B601D45EC7E00C33626 /* CopyFiles */ = {
			isa = PBXCopyFilesBuildPhase;
			buildActionMask = 2147483647;
			dstPath = /usr/share/man/man1/;
			dstSubfolderSpec = 0;
			files = (
			);
			runOnlyForDeploymentPostprocessing = 1;
		};
/* End PBXCopyFilesBuildPhase section */

/* Begin PBXFileReference section */
		03E32B621D45EC7E00C33626 /* Lab12 */ = {isa = PBXFileReference; explicitFileType = "compiled.mach-o.executable"; includeInIndex = 0; path = Lab12; sourceTree = BUILT_PRODUCTS_DIR; };
		03E32B651D45EC7E00C33626 /* ezra_lab12_ch13pc12.cpp */ = {isa = PBXFileReference; lastKnownFileType = sourcecode.cpp.cpp; path = ezra_lab12_ch13pc12.cpp; sourceTree = "<group>"; };
		03E32B6E1D45F28F00C33626 /* Coin.cpp */ = {isa = PBXFileReference; fileEncoding = 4; lastKnownFileType = sourcecode.cpp.cpp; path = Coin.cpp; sourceTree = "<group>"; };
		03E32B6F1D45F28F00C33626 /* Coin.hpp */ = {isa = PBXFileReference; fileEncoding = 4; lastKnownFileType = sourcecode.cpp.h; path = Coin.hpp; sourceTree = "<group>"; };
/* End PBXFileReference section */

/* Begin PBXFrameworksBuildPhase section */
		03E32B5F1D45EC7E00C33626 /* Frameworks */ = {
			isa = PBXFrameworksBuildPhase;
			buildActionMask = 2147483647;
			files = (
			);
			runOnlyForDeploymentPostprocessing = 0;
		};
/* End PBXFrameworksBuildPhase section */

/* Begin PBXGroup section */
		03E32B591D45EC7E00C33626 = {
			isa = PBXGroup;
			children = (
				03E32B641D45EC7E00C33626 /* Lab12 */,
				03E32B631D45EC7E00C33626 /* Products */,
			);
			sourceTree = "<group>";
		};
		03E32B631D45EC7E00C33626 /* Products */ = {
			isa = PBXGroup;
			children = (
				03E32B621D45EC7E00C33626 /* Lab12 */,
			);
			name = Products;
			sourceTree = "<group>";
		};
		03E32B641D45EC7E00C33626 /* Lab12 */ = {
			isa = PBXGroup;
			children = (
				03E32B651D45EC7E00C33626 /* ezra_lab12_ch13pc12.cpp */,
				03E32B6E1D45F28F00C33626 /* Coin.cpp */,
				03E32B6F1D45F28F00C33626 /* Coin.hpp */,
			);
			path = Lab12;
			sourceTree = "<group>";
		};
/* End PBXGroup section */

/* Begin PBXNativeTarget section */
		03E32B611D45EC7E00C33626 /* Lab12 */ = {
			isa = PBXNativeTarget;
			buildConfigurationList = 03E32B691D45EC7E00C33626 /* Build configuration list for PBXNativeTarget "Lab12" */;
			buildPhases = (
				03E32B5E1D45EC7E00C33626 /* Sources */,
				03E32B5F1D45EC7E00C33626 /* Frameworks */,
				03E32B601D45EC7E00C33626 /* CopyFiles */,
			);
			buildRules = (
			);
			dependencies = (
			);
			name = Lab12;
			productName = Lab12;
			productReference = 03E32B621D45EC7E00C33626 /* Lab12 */;
			productType = "com.apple.product-type.tool";
		};
/* End PBXNativeTarget section */

/* Begin PBXProject section */
		03E32B5A1D45EC7E00C33626 /* Project object */ = {
			isa = PBXProject;
			attributes = {
				LastUpgradeCheck = 0730;
				ORGANIZATIONNAME = "Ezra Chang";
				TargetAttributes = {
					03E32B611D45EC7E00C33626 = {
						CreatedOnToolsVersion = 7.3.1;
					};
				};
			};
			buildConfigurationList = 03E32B5D1D45EC7E00C33626 /* Build configuration list for PBXProject "Lab12" */;
			compatibilityVersion = "Xcode 3.2";
			developmentRegion = English;
			hasScannedForEncodings = 0;
			knownRegions = (
				en,
			);
			mainGroup = 03E32B591D45EC7E00C33626;
			productRefGroup = 03E32B631D45EC7E00C33626 /* Products */;
			projectDirPath = "";
			projectRoot = "";
			targets = (
				03E32B611D45EC7E00C33626 /* Lab12 */,
			);
		};
/* End PBXProject section */

/* Begin PBXSourcesBuildPhase section */
		03E32B5E1D45EC7E00C33626 /* Sources */ = {
			isa = PBXSourcesBuildPhase;
			buildActionMask = 2147483647;
			files = (
				03E32B701D45F28F00C33626 /* Coin.cpp in Sources */,
				03E32B661D45EC7E00C33626 /* ezra_lab12_ch13pc12.cpp in Sources */,
			);
			runOnlyForDeploymentPostprocessing = 0;
		};
/* End PBXSourcesBuildPhase section */

/* Begin XCBuildConfiguration section */
		03E32B671D45EC7E00C33626 /* Debug */ = {
			isa = XCBuildConfiguration;
			buildSettings = {
				ALWAYS_SEARCH_USER_PATHS = NO;
				CLANG_ANALYZER_NONNULL = YES;
				CLANG_CXX_LANGUAGE_STANDARD = "gnu++0x";
				CLANG_CXX_LIBRARY = "libc++";
				CLANG_ENABLE_MODULES = YES;
				CLANG_ENABLE_OBJC_ARC = YES;
				CLANG_WARN_BOOL_CONVERSION = YES;
				CLANG_WARN_CONSTANT_CONVERSION = YES;
				CLANG_WARN_DIRECT_OBJC_ISA_USAGE = YES_ERROR;
				CLANG_WARN_EMPTY_BODY = YES;
				CLANG_WARN_ENUM_CONVERSION = YES;
				CLANG_WARN_INT_CONVERSION = YES;
				CLANG_WARN_OBJC_ROOT_CLASS = YES_ERROR;
				CLANG_WARN_UNREACHABLE_CODE = YES;
				CLANG_WARN__DUPLICATE_METHOD_MATCH = YES;
				CODE_SIGN_IDENTITY = "-";
				COPY_PHASE_STRIP = NO;
				DEBUG_INFORMATION_FORMAT = dwarf;
				ENABLE_STRICT_OBJC_MSGSEND = YES;
				ENABLE_TESTABILITY = YES;
				GCC_C_LANGUAGE_STANDARD = gnu99;
				GCC_DYNAMIC_NO_PIC = NO;
				GCC_NO_COMMON_BLOCKS = YES;
				GCC_OPTIMIZATION_LEVEL = 0;
				GCC_PREPROCESSOR_DEFINITIONS = (
					"DEBUG=1",
					"$(inherited)",
				);
				GCC_WARN_64_TO_32_BIT_CONVERSION = YES;
				GCC_WARN_ABOUT_RETURN_TYPE = YES_ERROR;
				GCC_WARN_UNDECLARED_SELECTOR = YES;
				GCC_WARN_UNINITIALIZED_AUTOS = YES_AGGRESSIVE;
				GCC_WARN_UNUSED_FUNCTION = YES;
				GCC_WARN_UNUSED_VARIABLE = YES;
				MACOSX_DEPLOYMENT_TARGET = 10.11;
				MTL_ENABLE_DEBUG_INFO = YES;
				ONLY_ACTIVE_ARCH = YES;
				SDKROOT = macosx;
			};
			name = Debug;
		};
		03E32B681D45EC7E00C33626 /* Release */ = {
			isa = XCBuildConfiguration;
			buildSettings = {
				ALWAYS_SEARCH_USER_PATHS = NO;
				CLANG_ANALYZER_NONNULL = YES;
				CLANG_CXX_LANGUAGE_STANDARD = "gnu++0x";
				CLANG_CXX_LIBRARY = "libc++";
				CLANG_ENABLE_MODULES = YES;
				CLANG_ENABLE_OBJC_ARC = YES;
				CLANG_WARN_BOOL_CONVERSION = YES;
				CLANG_WARN_CONSTANT_CONVERSION = YES;
				CLANG_WARN_DIRECT_OBJC_ISA_USAGE = YES_ERROR;
				CLANG_WARN_EMPTY_BODY = YES;
				CLANG_WARN_ENUM_CONVERSION = YES;
				CLANG_WARN_INT_CONVERSION = YES;
				CLANG_WARN_OBJC_ROOT_CLASS = YES_ERROR;
				CLANG_WARN_UNREACHABLE_CODE = YES;
				CLANG_WARN__DUPLICATE_METHOD_MATCH = YES;
				CODE_SIGN_IDENTITY = "-";
				COPY_PHASE_STRIP = NO;
				DEBUG_INFORMATION_FORMAT = "dwarf-with-dsym";
				ENABLE_NS_ASSERTIONS = NO;
				ENABLE_STRICT_OBJC_MSGSEND = YES;
				GCC_C_LANGUAGE_STANDARD = gnu99;
				GCC_NO_COMMON_BLOCKS = YES;
				GCC_WARN_64_TO_32_BIT_CONVERSION = YES;
				GCC_WARN_ABOUT_RETURN_TYPE = YES_ERROR;
				GCC_WARN_UNDECLARED_SELECTOR = YES;
				GCC_WARN_UNINITIALIZED_AUTOS = YES_AGGRESSIVE;
				GCC_WARN_UNUSED_FUNCTION = YES;
				GCC_WARN_UNUSED_VARIABLE = YES;
				MACOSX_DEPLOYMENT_TARGET = 10.11;
				MTL_ENABLE_DEBUG_INFO = NO;
				SDKROOT = macosx;
			};
			name = Release;
		};
		03E32B6A1D45EC7E00C33626 /* Debug */ = {
			isa = XCBuildConfiguration;
			buildSettings = {
				PRODUCT_NAME = "$(TARGET_NAME)";
			};
			name = Debug;
		};
		03E32B6B1D45EC7E00C33626 /* Release */ = {
			isa = XCBuildConfiguration;
			buildSettings = {
				PRODUCT_NAME = "$(TARGET_NAME)";
			};
			name = Release;
		};
/* End XCBuildConfiguration section */

/* Begin XCConfigurationList section */
		03E32B5D1D45EC7E00C33626 /* Build configuration list for PBXProject "Lab12" */ = {
			isa = XCConfigurationList;
			buildConfigurations = (
				03E32B671D45EC7E00C33626 /* Debug */,
				03E32B681D45EC7E00C33626 /* Release */,
			);
			defaultConfigurationIsVisible = 0;
			defaultConfigurationName = Release;
		};
		03E32B691D45EC7E00C33626 /* Build configuration list for PBXNativeTarget "Lab12" */ = {
			isa = XCConfigurationList;
			buildConfigurations = (
				03E32B6A1D45EC7E00C33626 /* Debug */,
				03E32B6B1D45EC7E00C33626 /* Release */,
			);
			defaultConfigurationIsVisible = 0;
		};
/* End XCConfigurationList section */
	};
	rootObject = 03E32B5A1D45EC7E00C33626 /* Project object */;
}
