// !$*UTF8*$!
{
	archiveVersion = 1;
	classes = {
	};
	objectVersion = 46;
	objects = {

/* Begin PBXBuildFile section */
		036867531D09EDBA00688BC3 /* main.cpp in Sources */ = {isa = PBXBuildFile; fileRef = 036867521D09EDBA00688BC3 /* main.cpp */; };
		0368675B1D09F75900688BC3 /* PC1.cpp in Sources */ = {isa = PBXBuildFile; fileRef = 036867591D09F75900688BC3 /* PC1.cpp */; };
		0368675E1D09F7C200688BC3 /* PC5.cpp in Sources */ = {isa = PBXBuildFile; fileRef = 0368675C1D09F7C200688BC3 /* PC5.cpp */; };
		036867611D0A01B300688BC3 /* PC10.cpp in Sources */ = {isa = PBXBuildFile; fileRef = 0368675F1D0A01B300688BC3 /* PC10.cpp */; };
		036867641D0A0E4200688BC3 /* PC14.cpp in Sources */ = {isa = PBXBuildFile; fileRef = 036867621D0A0E4100688BC3 /* PC14.cpp */; };
		036867671D0A0E4C00688BC3 /* PC15.cpp in Sources */ = {isa = PBXBuildFile; fileRef = 036867651D0A0E4C00688BC3 /* PC15.cpp */; };
		0368676A1D0A0E5A00688BC3 /* PC16.cpp in Sources */ = {isa = PBXBuildFile; fileRef = 036867681D0A0E5A00688BC3 /* PC16.cpp */; };
/* End PBXBuildFile section */

/* Begin PBXCopyFilesBuildPhase section */
		0368674D1D09EDBA00688BC3 /* CopyFiles */ = {
			isa = PBXCopyFilesBuildPhase;
			buildActionMask = 2147483647;
			dstPath = /usr/share/man/man1/;
			dstSubfolderSpec = 0;
			files = (
			);
			runOnlyForDeploymentPostprocessing = 1;
		};
/* End PBXCopyFilesBuildPhase section */

/* Begin PBXFileReference section */
		0368674F1D09EDBA00688BC3 /* Lab2 */ = {isa = PBXFileReference; explicitFileType = "compiled.mach-o.executable"; includeInIndex = 0; path = Lab2; sourceTree = BUILT_PRODUCTS_DIR; };
		036867521D09EDBA00688BC3 /* main.cpp */ = {isa = PBXFileReference; lastKnownFileType = sourcecode.cpp.cpp; path = main.cpp; sourceTree = "<group>"; };
		036867591D09F75900688BC3 /* PC1.cpp */ = {isa = PBXFileReference; fileEncoding = 4; lastKnownFileType = sourcecode.cpp.cpp; path = PC1.cpp; sourceTree = "<group>"; };
		0368675A1D09F75900688BC3 /* PC1.hpp */ = {isa = PBXFileReference; fileEncoding = 4; lastKnownFileType = sourcecode.cpp.h; path = PC1.hpp; sourceTree = "<group>"; };
		0368675C1D09F7C200688BC3 /* PC5.cpp */ = {isa = PBXFileReference; fileEncoding = 4; lastKnownFileType = sourcecode.cpp.cpp; path = PC5.cpp; sourceTree = "<group>"; };
		0368675D1D09F7C200688BC3 /* PC5.hpp */ = {isa = PBXFileReference; fileEncoding = 4; lastKnownFileType = sourcecode.cpp.h; path = PC5.hpp; sourceTree = "<group>"; };
		0368675F1D0A01B300688BC3 /* PC10.cpp */ = {isa = PBXFileReference; fileEncoding = 4; lastKnownFileType = sourcecode.cpp.cpp; path = PC10.cpp; sourceTree = "<group>"; };
		036867601D0A01B300688BC3 /* PC10.hpp */ = {isa = PBXFileReference; fileEncoding = 4; lastKnownFileType = sourcecode.cpp.h; path = PC10.hpp; sourceTree = "<group>"; };
		036867621D0A0E4100688BC3 /* PC14.cpp */ = {isa = PBXFileReference; fileEncoding = 4; lastKnownFileType = sourcecode.cpp.cpp; path = PC14.cpp; sourceTree = "<group>"; };
		036867631D0A0E4200688BC3 /* PC14.hpp */ = {isa = PBXFileReference; fileEncoding = 4; lastKnownFileType = sourcecode.cpp.h; path = PC14.hpp; sourceTree = "<group>"; };
		036867651D0A0E4C00688BC3 /* PC15.cpp */ = {isa = PBXFileReference; fileEncoding = 4; lastKnownFileType = sourcecode.cpp.cpp; path = PC15.cpp; sourceTree = "<group>"; };
		036867661D0A0E4C00688BC3 /* PC15.hpp */ = {isa = PBXFileReference; fileEncoding = 4; lastKnownFileType = sourcecode.cpp.h; path = PC15.hpp; sourceTree = "<group>"; };
		036867681D0A0E5A00688BC3 /* PC16.cpp */ = {isa = PBXFileReference; fileEncoding = 4; lastKnownFileType = sourcecode.cpp.cpp; path = PC16.cpp; sourceTree = "<group>"; };
		036867691D0A0E5A00688BC3 /* PC16.hpp */ = {isa = PBXFileReference; fileEncoding = 4; lastKnownFileType = sourcecode.cpp.h; path = PC16.hpp; sourceTree = "<group>"; };
/* End PBXFileReference section */

/* Begin PBXFrameworksBuildPhase section */
		0368674C1D09EDBA00688BC3 /* Frameworks */ = {
			isa = PBXFrameworksBuildPhase;
			buildActionMask = 2147483647;
			files = (
			);
			runOnlyForDeploymentPostprocessing = 0;
		};
/* End PBXFrameworksBuildPhase section */

/* Begin PBXGroup section */
		036867461D09EDBA00688BC3 = {
			isa = PBXGroup;
			children = (
				036867511D09EDBA00688BC3 /* Lab2 */,
				036867501D09EDBA00688BC3 /* Products */,
			);
			sourceTree = "<group>";
		};
		036867501D09EDBA00688BC3 /* Products */ = {
			isa = PBXGroup;
			children = (
				0368674F1D09EDBA00688BC3 /* Lab2 */,
			);
			name = Products;
			sourceTree = "<group>";
		};
		036867511D09EDBA00688BC3 /* Lab2 */ = {
			isa = PBXGroup;
			children = (
				036867521D09EDBA00688BC3 /* main.cpp */,
				036867591D09F75900688BC3 /* PC1.cpp */,
				0368675A1D09F75900688BC3 /* PC1.hpp */,
				0368675C1D09F7C200688BC3 /* PC5.cpp */,
				0368675D1D09F7C200688BC3 /* PC5.hpp */,
				0368675F1D0A01B300688BC3 /* PC10.cpp */,
				036867601D0A01B300688BC3 /* PC10.hpp */,
				036867621D0A0E4100688BC3 /* PC14.cpp */,
				036867631D0A0E4200688BC3 /* PC14.hpp */,
				036867651D0A0E4C00688BC3 /* PC15.cpp */,
				036867661D0A0E4C00688BC3 /* PC15.hpp */,
				036867681D0A0E5A00688BC3 /* PC16.cpp */,
				036867691D0A0E5A00688BC3 /* PC16.hpp */,
			);
			path = Lab2;
			sourceTree = "<group>";
		};
/* End PBXGroup section */

/* Begin PBXNativeTarget section */
		0368674E1D09EDBA00688BC3 /* Lab2 */ = {
			isa = PBXNativeTarget;
			buildConfigurationList = 036867561D09EDBA00688BC3 /* Build configuration list for PBXNativeTarget "Lab2" */;
			buildPhases = (
				0368674B1D09EDBA00688BC3 /* Sources */,
				0368674C1D09EDBA00688BC3 /* Frameworks */,
				0368674D1D09EDBA00688BC3 /* CopyFiles */,
			);
			buildRules = (
			);
			dependencies = (
			);
			name = Lab2;
			productName = Lab2;
			productReference = 0368674F1D09EDBA00688BC3 /* Lab2 */;
			productType = "com.apple.product-type.tool";
		};
/* End PBXNativeTarget section */

/* Begin PBXProject section */
		036867471D09EDBA00688BC3 /* Project object */ = {
			isa = PBXProject;
			attributes = {
				LastUpgradeCheck = 0730;
				ORGANIZATIONNAME = "Ezra Chang";
				TargetAttributes = {
					0368674E1D09EDBA00688BC3 = {
						CreatedOnToolsVersion = 7.3.1;
					};
				};
			};
			buildConfigurationList = 0368674A1D09EDBA00688BC3 /* Build configuration list for PBXProject "Lab2" */;
			compatibilityVersion = "Xcode 3.2";
			developmentRegion = English;
			hasScannedForEncodings = 0;
			knownRegions = (
				en,
			);
			mainGroup = 036867461D09EDBA00688BC3;
			productRefGroup = 036867501D09EDBA00688BC3 /* Products */;
			projectDirPath = "";
			projectRoot = "";
			targets = (
				0368674E1D09EDBA00688BC3 /* Lab2 */,
			);
		};
/* End PBXProject section */

/* Begin PBXSourcesBuildPhase section */
		0368674B1D09EDBA00688BC3 /* Sources */ = {
			isa = PBXSourcesBuildPhase;
			buildActionMask = 2147483647;
			files = (
				036867671D0A0E4C00688BC3 /* PC15.cpp in Sources */,
				0368675E1D09F7C200688BC3 /* PC5.cpp in Sources */,
				036867611D0A01B300688BC3 /* PC10.cpp in Sources */,
				0368675B1D09F75900688BC3 /* PC1.cpp in Sources */,
				036867531D09EDBA00688BC3 /* main.cpp in Sources */,
				036867641D0A0E4200688BC3 /* PC14.cpp in Sources */,
				0368676A1D0A0E5A00688BC3 /* PC16.cpp in Sources */,
			);
			runOnlyForDeploymentPostprocessing = 0;
		};
/* End PBXSourcesBuildPhase section */

/* Begin XCBuildConfiguration section */
		036867541D09EDBA00688BC3 /* Debug */ = {
			isa = XCBuildConfiguration;
			buildSettings = {
				ALWAYS_SEARCH_USER_PATHS = NO;
				CLANG_ANALYZER_NONNULL = YES;
				CLANG_CXX_LANGUAGE_STANDARD = "gnu++0x";
				CLANG_CXX_LIBRARY = "libc++";
				CLANG_ENABLE_MODULES = YES;
				CLANG_ENABLE_OBJC_ARC = YES;
				CLANG_WARN_BOOL_CONVERSION = YES;
				CLANG_WARN_CONSTANT_CONVERSION = YES;
				CLANG_WARN_DIRECT_OBJC_ISA_USAGE = YES_ERROR;
				CLANG_WARN_EMPTY_BODY = YES;
				CLANG_WARN_ENUM_CONVERSION = YES;
				CLANG_WARN_INT_CONVERSION = YES;
				CLANG_WARN_OBJC_ROOT_CLASS = YES_ERROR;
				CLANG_WARN_UNREACHABLE_CODE = YES;
				CLANG_WARN__DUPLICATE_METHOD_MATCH = YES;
				CODE_SIGN_IDENTITY = "-";
				COPY_PHASE_STRIP = NO;
				DEBUG_INFORMATION_FORMAT = dwarf;
				ENABLE_STRICT_OBJC_MSGSEND = YES;
				ENABLE_TESTABILITY = YES;
				GCC_C_LANGUAGE_STANDARD = gnu99;
				GCC_DYNAMIC_NO_PIC = NO;
				GCC_NO_COMMON_BLOCKS = YES;
				GCC_OPTIMIZATION_LEVEL = 0;
				GCC_PREPROCESSOR_DEFINITIONS = (
					"DEBUG=1",
					"$(inherited)",
				);
				GCC_WARN_64_TO_32_BIT_CONVERSION = YES;
				GCC_WARN_ABOUT_RETURN_TYPE = YES_ERROR;
				GCC_WARN_UNDECLARED_SELECTOR = YES;
				GCC_WARN_UNINITIALIZED_AUTOS = YES_AGGRESSIVE;
				GCC_WARN_UNUSED_FUNCTION = YES;
				GCC_WARN_UNUSED_VARIABLE = YES;
				MACOSX_DEPLOYMENT_TARGET = 10.11;
				MTL_ENABLE_DEBUG_INFO = YES;
				ONLY_ACTIVE_ARCH = YES;
				SDKROOT = macosx;
			};
			name = Debug;
		};
		036867551D09EDBA00688BC3 /* Release */ = {
			isa = XCBuildConfiguration;
			buildSettings = {
				ALWAYS_SEARCH_USER_PATHS = NO;
				CLANG_ANALYZER_NONNULL = YES;
				CLANG_CXX_LANGUAGE_STANDARD = "gnu++0x";
				CLANG_CXX_LIBRARY = "libc++";
				CLANG_ENABLE_MODULES = YES;
				CLANG_ENABLE_OBJC_ARC = YES;
				CLANG_WARN_BOOL_CONVERSION = YES;
				CLANG_WARN_CONSTANT_CONVERSION = YES;
				CLANG_WARN_DIRECT_OBJC_ISA_USAGE = YES_ERROR;
				CLANG_WARN_EMPTY_BODY = YES;
				CLANG_WARN_ENUM_CONVERSION = YES;
				CLANG_WARN_INT_CONVERSION = YES;
				CLANG_WARN_OBJC_ROOT_CLASS = YES_ERROR;
				CLANG_WARN_UNREACHABLE_CODE = YES;
				CLANG_WARN__DUPLICATE_METHOD_MATCH = YES;
				CODE_SIGN_IDENTITY = "-";
				COPY_PHASE_STRIP = NO;
				DEBUG_INFORMATION_FORMAT = "dwarf-with-dsym";
				ENABLE_NS_ASSERTIONS = NO;
				ENABLE_STRICT_OBJC_MSGSEND = YES;
				GCC_C_LANGUAGE_STANDARD = gnu99;
				GCC_NO_COMMON_BLOCKS = YES;
				GCC_WARN_64_TO_32_BIT_CONVERSION = YES;
				GCC_WARN_ABOUT_RETURN_TYPE = YES_ERROR;
				GCC_WARN_UNDECLARED_SELECTOR = YES;
				GCC_WARN_UNINITIALIZED_AUTOS = YES_AGGRESSIVE;
				GCC_WARN_UNUSED_FUNCTION = YES;
				GCC_WARN_UNUSED_VARIABLE = YES;
				MACOSX_DEPLOYMENT_TARGET = 10.11;
				MTL_ENABLE_DEBUG_INFO = NO;
				SDKROOT = macosx;
			};
			name = Release;
		};
		036867571D09EDBA00688BC3 /* Debug */ = {
			isa = XCBuildConfiguration;
			buildSettings = {
				PRODUCT_NAME = "$(TARGET_NAME)";
			};
			name = Debug;
		};
		036867581D09EDBA00688BC3 /* Release */ = {
			isa = XCBuildConfiguration;
			buildSettings = {
				PRODUCT_NAME = "$(TARGET_NAME)";
			};
			name = Release;
		};
/* End XCBuildConfiguration section */

/* Begin XCConfigurationList section */
		0368674A1D09EDBA00688BC3 /* Build configuration list for PBXProject "Lab2" */ = {
			isa = XCConfigurationList;
			buildConfigurations = (
				036867541D09EDBA00688BC3 /* Debug */,
				036867551D09EDBA00688BC3 /* Release */,
			);
			defaultConfigurationIsVisible = 0;
			defaultConfigurationName = Release;
		};
		036867561D09EDBA00688BC3 /* Build configuration list for PBXNativeTarget "Lab2" */ = {
			isa = XCConfigurationList;
			buildConfigurations = (
				036867571D09EDBA00688BC3 /* Debug */,
				036867581D09EDBA00688BC3 /* Release */,
			);
			defaultConfigurationIsVisible = 0;
		};
/* End XCConfigurationList section */
	};
	rootObject = 036867471D09EDBA00688BC3 /* Project object */;
}
