// !$*UTF8*$!
{
	archiveVersion = 1;
	classes = {
	};
	objectVersion = 46;
	objects = {

/* Begin PBXBuildFile section */
		031619891D1AE2B8008AB902 /* ezra_lab5_pc01.cpp in Sources */ = {isa = PBXBuildFile; fileRef = 031619881D1AE2B8008AB902 /* ezra_lab5_pc01.cpp */; };
		031619901D1AE486008AB902 /* ezra_lab5_pc02.cpp in Sources */ = {isa = PBXBuildFile; fileRef = 0316198F1D1AE486008AB902 /* ezra_lab5_pc02.cpp */; };
		031619941D1AE630008AB902 /* ezra_lab5_pc06.cpp in Sources */ = {isa = PBXBuildFile; fileRef = 031619931D1AE630008AB902 /* ezra_lab5_pc06.cpp */; };
		031619961D1AE779008AB902 /* ezra_lab5_pc20.cpp in Sources */ = {isa = PBXBuildFile; fileRef = 031619951D1AE779008AB902 /* ezra_lab5_pc20.cpp */; };
		031619981D1AE891008AB902 /* ezra_lab5_pc24.cpp in Sources */ = {isa = PBXBuildFile; fileRef = 031619971D1AE891008AB902 /* ezra_lab5_pc24.cpp */; };
/* End PBXBuildFile section */

/* Begin PBXCopyFilesBuildPhase section */
		031619831D1AE2B8008AB902 /* CopyFiles */ = {
			isa = PBXCopyFilesBuildPhase;
			buildActionMask = 2147483647;
			dstPath = /usr/share/man/man1/;
			dstSubfolderSpec = 0;
			files = (
			);
			runOnlyForDeploymentPostprocessing = 1;
		};
/* End PBXCopyFilesBuildPhase section */

/* Begin PBXFileReference section */
		031619851D1AE2B8008AB902 /* Lab5New */ = {isa = PBXFileReference; explicitFileType = "compiled.mach-o.executable"; includeInIndex = 0; path = Lab5New; sourceTree = BUILT_PRODUCTS_DIR; };
		031619881D1AE2B8008AB902 /* ezra_lab5_pc01.cpp */ = {isa = PBXFileReference; lastKnownFileType = sourcecode.cpp.cpp; path = ezra_lab5_pc01.cpp; sourceTree = "<group>"; };
		0316198F1D1AE486008AB902 /* ezra_lab5_pc02.cpp */ = {isa = PBXFileReference; fileEncoding = 4; lastKnownFileType = sourcecode.cpp.cpp; path = ezra_lab5_pc02.cpp; sourceTree = "<group>"; };
		031619931D1AE630008AB902 /* ezra_lab5_pc06.cpp */ = {isa = PBXFileReference; fileEncoding = 4; lastKnownFileType = sourcecode.cpp.cpp; path = ezra_lab5_pc06.cpp; sourceTree = "<group>"; };
		031619951D1AE779008AB902 /* ezra_lab5_pc20.cpp */ = {isa = PBXFileReference; fileEncoding = 4; lastKnownFileType = sourcecode.cpp.cpp; path = ezra_lab5_pc20.cpp; sourceTree = "<group>"; };
		031619971D1AE891008AB902 /* ezra_lab5_pc24.cpp */ = {isa = PBXFileReference; fileEncoding = 4; lastKnownFileType = sourcecode.cpp.cpp; path = ezra_lab5_pc24.cpp; sourceTree = "<group>"; };
/* End PBXFileReference section */

/* Begin PBXFrameworksBuildPhase section */
		031619821D1AE2B8008AB902 /* Frameworks */ = {
			isa = PBXFrameworksBuildPhase;
			buildActionMask = 2147483647;
			files = (
			);
			runOnlyForDeploymentPostprocessing = 0;
		};
/* End PBXFrameworksBuildPhase section */

/* Begin PBXGroup section */
		0316197C1D1AE2B8008AB902 = {
			isa = PBXGroup;
			children = (
				031619871D1AE2B8008AB902 /* Lab5New */,
				031619861D1AE2B8008AB902 /* Products */,
			);
			sourceTree = "<group>";
		};
		031619861D1AE2B8008AB902 /* Products */ = {
			isa = PBXGroup;
			children = (
				031619851D1AE2B8008AB902 /* Lab5New */,
			);
			name = Products;
			sourceTree = "<group>";
		};
		031619871D1AE2B8008AB902 /* Lab5New */ = {
			isa = PBXGroup;
			children = (
				031619881D1AE2B8008AB902 /* ezra_lab5_pc01.cpp */,
				0316198F1D1AE486008AB902 /* ezra_lab5_pc02.cpp */,
				031619931D1AE630008AB902 /* ezra_lab5_pc06.cpp */,
				031619951D1AE779008AB902 /* ezra_lab5_pc20.cpp */,
				031619971D1AE891008AB902 /* ezra_lab5_pc24.cpp */,
			);
			path = Lab5New;
			sourceTree = "<group>";
		};
/* End PBXGroup section */

/* Begin PBXNativeTarget section */
		031619841D1AE2B8008AB902 /* Lab5New */ = {
			isa = PBXNativeTarget;
			buildConfigurationList = 0316198C1D1AE2B8008AB902 /* Build configuration list for PBXNativeTarget "Lab5New" */;
			buildPhases = (
				031619811D1AE2B8008AB902 /* Sources */,
				031619821D1AE2B8008AB902 /* Frameworks */,
				031619831D1AE2B8008AB902 /* CopyFiles */,
			);
			buildRules = (
			);
			dependencies = (
			);
			name = Lab5New;
			productName = Lab5New;
			productReference = 031619851D1AE2B8008AB902 /* Lab5New */;
			productType = "com.apple.product-type.tool";
		};
/* End PBXNativeTarget section */

/* Begin PBXProject section */
		0316197D1D1AE2B8008AB902 /* Project object */ = {
			isa = PBXProject;
			attributes = {
				LastUpgradeCheck = 0730;
				ORGANIZATIONNAME = "Ezra Chang";
				TargetAttributes = {
					031619841D1AE2B8008AB902 = {
						CreatedOnToolsVersion = 7.3.1;
					};
				};
			};
			buildConfigurationList = 031619801D1AE2B8008AB902 /* Build configuration list for PBXProject "Lab5New" */;
			compatibilityVersion = "Xcode 3.2";
			developmentRegion = English;
			hasScannedForEncodings = 0;
			knownRegions = (
				en,
			);
			mainGroup = 0316197C1D1AE2B8008AB902;
			productRefGroup = 031619861D1AE2B8008AB902 /* Products */;
			projectDirPath = "";
			projectRoot = "";
			targets = (
				031619841D1AE2B8008AB902 /* Lab5New */,
			);
		};
/* End PBXProject section */

/* Begin PBXSourcesBuildPhase section */
		031619811D1AE2B8008AB902 /* Sources */ = {
			isa = PBXSourcesBuildPhase;
			buildActionMask = 2147483647;
			files = (
				031619981D1AE891008AB902 /* ezra_lab5_pc24.cpp in Sources */,
				031619961D1AE779008AB902 /* ezra_lab5_pc20.cpp in Sources */,
				031619901D1AE486008AB902 /* ezra_lab5_pc02.cpp in Sources */,
				031619891D1AE2B8008AB902 /* ezra_lab5_pc01.cpp in Sources */,
				031619941D1AE630008AB902 /* ezra_lab5_pc06.cpp in Sources */,
			);
			runOnlyForDeploymentPostprocessing = 0;
		};
/* End PBXSourcesBuildPhase section */

/* Begin XCBuildConfiguration section */
		0316198A1D1AE2B8008AB902 /* Debug */ = {
			isa = XCBuildConfiguration;
			buildSettings = {
				ALWAYS_SEARCH_USER_PATHS = NO;
				CLANG_ANALYZER_NONNULL = YES;
				CLANG_CXX_LANGUAGE_STANDARD = "gnu++0x";
				CLANG_CXX_LIBRARY = "libc++";
				CLANG_ENABLE_MODULES = YES;
				CLANG_ENABLE_OBJC_ARC = YES;
				CLANG_WARN_BOOL_CONVERSION = YES;
				CLANG_WARN_CONSTANT_CONVERSION = YES;
				CLANG_WARN_DIRECT_OBJC_ISA_USAGE = YES_ERROR;
				CLANG_WARN_EMPTY_BODY = YES;
				CLANG_WARN_ENUM_CONVERSION = YES;
				CLANG_WARN_INT_CONVERSION = YES;
				CLANG_WARN_OBJC_ROOT_CLASS = YES_ERROR;
				CLANG_WARN_UNREACHABLE_CODE = YES;
				CLANG_WARN__DUPLICATE_METHOD_MATCH = YES;
				CODE_SIGN_IDENTITY = "-";
				COPY_PHASE_STRIP = NO;
				DEBUG_INFORMATION_FORMAT = dwarf;
				ENABLE_STRICT_OBJC_MSGSEND = YES;
				ENABLE_TESTABILITY = YES;
				GCC_C_LANGUAGE_STANDARD = gnu99;
				GCC_DYNAMIC_NO_PIC = NO;
				GCC_NO_COMMON_BLOCKS = YES;
				GCC_OPTIMIZATION_LEVEL = 0;
				GCC_PREPROCESSOR_DEFINITIONS = (
					"DEBUG=1",
					"$(inherited)",
				);
				GCC_WARN_64_TO_32_BIT_CONVERSION = YES;
				GCC_WARN_ABOUT_RETURN_TYPE = YES_ERROR;
				GCC_WARN_UNDECLARED_SELECTOR = YES;
				GCC_WARN_UNINITIALIZED_AUTOS = YES_AGGRESSIVE;
				GCC_WARN_UNUSED_FUNCTION = YES;
				GCC_WARN_UNUSED_VARIABLE = YES;
				MACOSX_DEPLOYMENT_TARGET = 10.11;
				MTL_ENABLE_DEBUG_INFO = YES;
				ONLY_ACTIVE_ARCH = YES;
				SDKROOT = macosx;
			};
			name = Debug;
		};
		0316198B1D1AE2B8008AB902 /* Release */ = {
			isa = XCBuildConfiguration;
			buildSettings = {
				ALWAYS_SEARCH_USER_PATHS = NO;
				CLANG_ANALYZER_NONNULL = YES;
				CLANG_CXX_LANGUAGE_STANDARD = "gnu++0x";
				CLANG_CXX_LIBRARY = "libc++";
				CLANG_ENABLE_MODULES = YES;
				CLANG_ENABLE_OBJC_ARC = YES;
				CLANG_WARN_BOOL_CONVERSION = YES;
				CLANG_WARN_CONSTANT_CONVERSION = YES;
				CLANG_WARN_DIRECT_OBJC_ISA_USAGE = YES_ERROR;
				CLANG_WARN_EMPTY_BODY = YES;
				CLANG_WARN_ENUM_CONVERSION = YES;
				CLANG_WARN_INT_CONVERSION = YES;
				CLANG_WARN_OBJC_ROOT_CLASS = YES_ERROR;
				CLANG_WARN_UNREACHABLE_CODE = YES;
				CLANG_WARN__DUPLICATE_METHOD_MATCH = YES;
				CODE_SIGN_IDENTITY = "-";
				COPY_PHASE_STRIP = NO;
				DEBUG_INFORMATION_FORMAT = "dwarf-with-dsym";
				ENABLE_NS_ASSERTIONS = NO;
				ENABLE_STRICT_OBJC_MSGSEND = YES;
				GCC_C_LANGUAGE_STANDARD = gnu99;
				GCC_NO_COMMON_BLOCKS = YES;
				GCC_WARN_64_TO_32_BIT_CONVERSION = YES;
				GCC_WARN_ABOUT_RETURN_TYPE = YES_ERROR;
				GCC_WARN_UNDECLARED_SELECTOR = YES;
				GCC_WARN_UNINITIALIZED_AUTOS = YES_AGGRESSIVE;
				GCC_WARN_UNUSED_FUNCTION = YES;
				GCC_WARN_UNUSED_VARIABLE = YES;
				MACOSX_DEPLOYMENT_TARGET = 10.11;
				MTL_ENABLE_DEBUG_INFO = NO;
				SDKROOT = macosx;
			};
			name = Release;
		};
		0316198D1D1AE2B8008AB902 /* Debug */ = {
			isa = XCBuildConfiguration;
			buildSettings = {
				PRODUCT_NAME = "$(TARGET_NAME)";
			};
			name = Debug;
		};
		0316198E1D1AE2B8008AB902 /* Release */ = {
			isa = XCBuildConfiguration;
			buildSettings = {
				PRODUCT_NAME = "$(TARGET_NAME)";
			};
			name = Release;
		};
/* End XCBuildConfiguration section */

/* Begin XCConfigurationList section */
		031619801D1AE2B8008AB902 /* Build configuration list for PBXProject "Lab5New" */ = {
			isa = XCConfigurationList;
			buildConfigurations = (
				0316198A1D1AE2B8008AB902 /* Debug */,
				0316198B1D1AE2B8008AB902 /* Release */,
			);
			defaultConfigurationIsVisible = 0;
			defaultConfigurationName = Release;
		};
		0316198C1D1AE2B8008AB902 /* Build configuration list for PBXNativeTarget "Lab5New" */ = {
			isa = XCConfigurationList;
			buildConfigurations = (
				0316198D1D1AE2B8008AB902 /* Debug */,
				0316198E1D1AE2B8008AB902 /* Release */,
			);
			defaultConfigurationIsVisible = 0;
		};
/* End XCConfigurationList section */
	};
	rootObject = 0316197D1D1AE2B8008AB902 /* Project object */;
}
