// !$*UTF8*$!
{
	archiveVersion = 1;
	classes = {
	};
	objectVersion = 46;
	objects = {

/* Begin PBXBuildFile section */
		030858D71D1B39F80012F611 /* ezra_lab6_pc02.cpp in Sources */ = {isa = PBXBuildFile; fileRef = 030858D61D1B39F80012F611 /* ezra_lab6_pc02.cpp */; };
		030858DE1D1B3FAD0012F611 /* ezra_lab6_pc08.cpp in Sources */ = {isa = PBXBuildFile; fileRef = 030858DD1D1B3FAD0012F611 /* ezra_lab6_pc08.cpp */; };
		030858E01D1B4A5B0012F611 /* ezra_lab6_pc22.cpp in Sources */ = {isa = PBXBuildFile; fileRef = 030858DF1D1B4A5B0012F611 /* ezra_lab6_pc22.cpp */; };
/* End PBXBuildFile section */

/* Begin PBXCopyFilesBuildPhase section */
		030858D11D1B39F80012F611 /* CopyFiles */ = {
			isa = PBXCopyFilesBuildPhase;
			buildActionMask = 2147483647;
			dstPath = /usr/share/man/man1/;
			dstSubfolderSpec = 0;
			files = (
			);
			runOnlyForDeploymentPostprocessing = 1;
		};
/* End PBXCopyFilesBuildPhase section */

/* Begin PBXFileReference section */
		030858D31D1B39F80012F611 /* Lab6 */ = {isa = PBXFileReference; explicitFileType = "compiled.mach-o.executable"; includeInIndex = 0; path = Lab6; sourceTree = BUILT_PRODUCTS_DIR; };
		030858D61D1B39F80012F611 /* ezra_lab6_pc02.cpp */ = {isa = PBXFileReference; lastKnownFileType = sourcecode.cpp.cpp; path = ezra_lab6_pc02.cpp; sourceTree = "<group>"; };
		030858DD1D1B3FAD0012F611 /* ezra_lab6_pc08.cpp */ = {isa = PBXFileReference; fileEncoding = 4; lastKnownFileType = sourcecode.cpp.cpp; path = ezra_lab6_pc08.cpp; sourceTree = "<group>"; };
		030858DF1D1B4A5B0012F611 /* ezra_lab6_pc22.cpp */ = {isa = PBXFileReference; fileEncoding = 4; lastKnownFileType = sourcecode.cpp.cpp; path = ezra_lab6_pc22.cpp; sourceTree = "<group>"; };
/* End PBXFileReference section */

/* Begin PBXFrameworksBuildPhase section */
		030858D01D1B39F80012F611 /* Frameworks */ = {
			isa = PBXFrameworksBuildPhase;
			buildActionMask = 2147483647;
			files = (
			);
			runOnlyForDeploymentPostprocessing = 0;
		};
/* End PBXFrameworksBuildPhase section */

/* Begin PBXGroup section */
		030858CA1D1B39F80012F611 = {
			isa = PBXGroup;
			children = (
				030858D51D1B39F80012F611 /* Lab6 */,
				030858D41D1B39F80012F611 /* Products */,
			);
			sourceTree = "<group>";
		};
		030858D41D1B39F80012F611 /* Products */ = {
			isa = PBXGroup;
			children = (
				030858D31D1B39F80012F611 /* Lab6 */,
			);
			name = Products;
			sourceTree = "<group>";
		};
		030858D51D1B39F80012F611 /* Lab6 */ = {
			isa = PBXGroup;
			children = (
				030858D61D1B39F80012F611 /* ezra_lab6_pc02.cpp */,
				030858DD1D1B3FAD0012F611 /* ezra_lab6_pc08.cpp */,
				030858DF1D1B4A5B0012F611 /* ezra_lab6_pc22.cpp */,
			);
			path = Lab6;
			sourceTree = "<group>";
		};
/* End PBXGroup section */

/* Begin PBXNativeTarget section */
		030858D21D1B39F80012F611 /* Lab6 */ = {
			isa = PBXNativeTarget;
			buildConfigurationList = 030858DA1D1B39F80012F611 /* Build configuration list for PBXNativeTarget "Lab6" */;
			buildPhases = (
				030858CF1D1B39F80012F611 /* Sources */,
				030858D01D1B39F80012F611 /* Frameworks */,
				030858D11D1B39F80012F611 /* CopyFiles */,
			);
			buildRules = (
			);
			dependencies = (
			);
			name = Lab6;
			productName = Lab6;
			productReference = 030858D31D1B39F80012F611 /* Lab6 */;
			productType = "com.apple.product-type.tool";
		};
/* End PBXNativeTarget section */

/* Begin PBXProject section */
		030858CB1D1B39F80012F611 /* Project object */ = {
			isa = PBXProject;
			attributes = {
				LastUpgradeCheck = 0730;
				ORGANIZATIONNAME = "Ezra Chang";
				TargetAttributes = {
					030858D21D1B39F80012F611 = {
						CreatedOnToolsVersion = 7.3.1;
					};
				};
			};
			buildConfigurationList = 030858CE1D1B39F80012F611 /* Build configuration list for PBXProject "Lab6" */;
			compatibilityVersion = "Xcode 3.2";
			developmentRegion = English;
			hasScannedForEncodings = 0;
			knownRegions = (
				en,
			);
			mainGroup = 030858CA1D1B39F80012F611;
			productRefGroup = 030858D41D1B39F80012F611 /* Products */;
			projectDirPath = "";
			projectRoot = "";
			targets = (
				030858D21D1B39F80012F611 /* Lab6 */,
			);
		};
/* End PBXProject section */

/* Begin PBXSourcesBuildPhase section */
		030858CF1D1B39F80012F611 /* Sources */ = {
			isa = PBXSourcesBuildPhase;
			buildActionMask = 2147483647;
			files = (
				030858E01D1B4A5B0012F611 /* ezra_lab6_pc22.cpp in Sources */,
				030858D71D1B39F80012F611 /* ezra_lab6_pc02.cpp in Sources */,
				030858DE1D1B3FAD0012F611 /* ezra_lab6_pc08.cpp in Sources */,
			);
			runOnlyForDeploymentPostprocessing = 0;
		};
/* End PBXSourcesBuildPhase section */

/* Begin XCBuildConfiguration section */
		030858D81D1B39F80012F611 /* Debug */ = {
			isa = XCBuildConfiguration;
			buildSettings = {
				ALWAYS_SEARCH_USER_PATHS = NO;
				CLANG_ANALYZER_NONNULL = YES;
				CLANG_CXX_LANGUAGE_STANDARD = "gnu++0x";
				CLANG_CXX_LIBRARY = "libc++";
				CLANG_ENABLE_MODULES = YES;
				CLANG_ENABLE_OBJC_ARC = YES;
				CLANG_WARN_BOOL_CONVERSION = YES;
				CLANG_WARN_CONSTANT_CONVERSION = YES;
				CLANG_WARN_DIRECT_OBJC_ISA_USAGE = YES_ERROR;
				CLANG_WARN_EMPTY_BODY = YES;
				CLANG_WARN_ENUM_CONVERSION = YES;
				CLANG_WARN_INT_CONVERSION = YES;
				CLANG_WARN_OBJC_ROOT_CLASS = YES_ERROR;
				CLANG_WARN_UNREACHABLE_CODE = YES;
				CLANG_WARN__DUPLICATE_METHOD_MATCH = YES;
				CODE_SIGN_IDENTITY = "-";
				COPY_PHASE_STRIP = NO;
				DEBUG_INFORMATION_FORMAT = dwarf;
				ENABLE_STRICT_OBJC_MSGSEND = YES;
				ENABLE_TESTABILITY = YES;
				GCC_C_LANGUAGE_STANDARD = gnu99;
				GCC_DYNAMIC_NO_PIC = NO;
				GCC_NO_COMMON_BLOCKS = YES;
				GCC_OPTIMIZATION_LEVEL = 0;
				GCC_PREPROCESSOR_DEFINITIONS = (
					"DEBUG=1",
					"$(inherited)",
				);
				GCC_WARN_64_TO_32_BIT_CONVERSION = YES;
				GCC_WARN_ABOUT_RETURN_TYPE = YES_ERROR;
				GCC_WARN_UNDECLARED_SELECTOR = YES;
				GCC_WARN_UNINITIALIZED_AUTOS = YES_AGGRESSIVE;
				GCC_WARN_UNUSED_FUNCTION = YES;
				GCC_WARN_UNUSED_VARIABLE = YES;
				MACOSX_DEPLOYMENT_TARGET = 10.11;
				MTL_ENABLE_DEBUG_INFO = YES;
				ONLY_ACTIVE_ARCH = YES;
				SDKROOT = macosx;
			};
			name = Debug;
		};
		030858D91D1B39F80012F611 /* Release */ = {
			isa = XCBuildConfiguration;
			buildSettings = {
				ALWAYS_SEARCH_USER_PATHS = NO;
				CLANG_ANALYZER_NONNULL = YES;
				CLANG_CXX_LANGUAGE_STANDARD = "gnu++0x";
				CLANG_CXX_LIBRARY = "libc++";
				CLANG_ENABLE_MODULES = YES;
				CLANG_ENABLE_OBJC_ARC = YES;
				CLANG_WARN_BOOL_CONVERSION = YES;
				CLANG_WARN_CONSTANT_CONVERSION = YES;
				CLANG_WARN_DIRECT_OBJC_ISA_USAGE = YES_ERROR;
				CLANG_WARN_EMPTY_BODY = YES;
				CLANG_WARN_ENUM_CONVERSION = YES;
				CLANG_WARN_INT_CONVERSION = YES;
				CLANG_WARN_OBJC_ROOT_CLASS = YES_ERROR;
				CLANG_WARN_UNREACHABLE_CODE = YES;
				CLANG_WARN__DUPLICATE_METHOD_MATCH = YES;
				CODE_SIGN_IDENTITY = "-";
				COPY_PHASE_STRIP = NO;
				DEBUG_INFORMATION_FORMAT = "dwarf-with-dsym";
				ENABLE_NS_ASSERTIONS = NO;
				ENABLE_STRICT_OBJC_MSGSEND = YES;
				GCC_C_LANGUAGE_STANDARD = gnu99;
				GCC_NO_COMMON_BLOCKS = YES;
				GCC_WARN_64_TO_32_BIT_CONVERSION = YES;
				GCC_WARN_ABOUT_RETURN_TYPE = YES_ERROR;
				GCC_WARN_UNDECLARED_SELECTOR = YES;
				GCC_WARN_UNINITIALIZED_AUTOS = YES_AGGRESSIVE;
				GCC_WARN_UNUSED_FUNCTION = YES;
				GCC_WARN_UNUSED_VARIABLE = YES;
				MACOSX_DEPLOYMENT_TARGET = 10.11;
				MTL_ENABLE_DEBUG_INFO = NO;
				SDKROOT = macosx;
			};
			name = Release;
		};
		030858DB1D1B39F80012F611 /* Debug */ = {
			isa = XCBuildConfiguration;
			buildSettings = {
				PRODUCT_NAME = "$(TARGET_NAME)";
			};
			name = Debug;
		};
		030858DC1D1B39F80012F611 /* Release */ = {
			isa = XCBuildConfiguration;
			buildSettings = {
				PRODUCT_NAME = "$(TARGET_NAME)";
			};
			name = Release;
		};
/* End XCBuildConfiguration section */

/* Begin XCConfigurationList section */
		030858CE1D1B39F80012F611 /* Build configuration list for PBXProject "Lab6" */ = {
			isa = XCConfigurationList;
			buildConfigurations = (
				030858D81D1B39F80012F611 /* Debug */,
				030858D91D1B39F80012F611 /* Release */,
			);
			defaultConfigurationIsVisible = 0;
			defaultConfigurationName = Release;
		};
		030858DA1D1B39F80012F611 /* Build configuration list for PBXNativeTarget "Lab6" */ = {
			isa = XCConfigurationList;
			buildConfigurations = (
				030858DB1D1B39F80012F611 /* Debug */,
				030858DC1D1B39F80012F611 /* Release */,
			);
			defaultConfigurationIsVisible = 0;
		};
/* End XCConfigurationList section */
	};
	rootObject = 030858CB1D1B39F80012F611 /* Project object */;
}
