// !$*UTF8*$!
{
	archiveVersion = 1;
	classes = {
	};
	objectVersion = 46;
	objects = {

/* Begin PBXBuildFile section */
		03C068F81D3349FE002907AB /* ezra_lab9_pc1.cpp in Sources */ = {isa = PBXBuildFile; fileRef = 03C068F71D3349FE002907AB /* ezra_lab9_pc1.cpp */; };
		03C068FF1D3351A0002907AB /* ezra_lab9_pc2.cpp in Sources */ = {isa = PBXBuildFile; fileRef = 03C068FE1D3351A0002907AB /* ezra_lab9_pc2.cpp */; };
		03C069011D33ACCE002907AB /* ezra_lab9_pc4.cpp in Sources */ = {isa = PBXBuildFile; fileRef = 03C069001D33ACCE002907AB /* ezra_lab9_pc4.cpp */; };
		03C069161D361ACE002907AB /* ezra_lab9_pc5.cpp in Sources */ = {isa = PBXBuildFile; fileRef = 03C069151D361ACE002907AB /* ezra_lab9_pc5.cpp */; };
		03C069181D361DA8002907AB /* ezra_lab9_pc11.cpp in Sources */ = {isa = PBXBuildFile; fileRef = 03C069171D361DA8002907AB /* ezra_lab9_pc11.cpp */; };
/* End PBXBuildFile section */

/* Begin PBXCopyFilesBuildPhase section */
		03C068F21D3349FE002907AB /* CopyFiles */ = {
			isa = PBXCopyFilesBuildPhase;
			buildActionMask = 2147483647;
			dstPath = /usr/share/man/man1/;
			dstSubfolderSpec = 0;
			files = (
			);
			runOnlyForDeploymentPostprocessing = 1;
		};
/* End PBXCopyFilesBuildPhase section */

/* Begin PBXFileReference section */
		03C068F41D3349FE002907AB /* Lab9 */ = {isa = PBXFileReference; explicitFileType = "compiled.mach-o.executable"; includeInIndex = 0; path = Lab9; sourceTree = BUILT_PRODUCTS_DIR; };
		03C068F71D3349FE002907AB /* ezra_lab9_pc1.cpp */ = {isa = PBXFileReference; lastKnownFileType = sourcecode.cpp.cpp; path = ezra_lab9_pc1.cpp; sourceTree = "<group>"; };
		03C068FE1D3351A0002907AB /* ezra_lab9_pc2.cpp */ = {isa = PBXFileReference; fileEncoding = 4; lastKnownFileType = sourcecode.cpp.cpp; path = ezra_lab9_pc2.cpp; sourceTree = "<group>"; };
		03C069001D33ACCE002907AB /* ezra_lab9_pc4.cpp */ = {isa = PBXFileReference; fileEncoding = 4; lastKnownFileType = sourcecode.cpp.cpp; path = ezra_lab9_pc4.cpp; sourceTree = "<group>"; };
		03C069151D361ACE002907AB /* ezra_lab9_pc5.cpp */ = {isa = PBXFileReference; fileEncoding = 4; lastKnownFileType = sourcecode.cpp.cpp; path = ezra_lab9_pc5.cpp; sourceTree = "<group>"; };
		03C069171D361DA8002907AB /* ezra_lab9_pc11.cpp */ = {isa = PBXFileReference; fileEncoding = 4; lastKnownFileType = sourcecode.cpp.cpp; path = ezra_lab9_pc11.cpp; sourceTree = "<group>"; };
/* End PBXFileReference section */

/* Begin PBXFrameworksBuildPhase section */
		03C068F11D3349FE002907AB /* Frameworks */ = {
			isa = PBXFrameworksBuildPhase;
			buildActionMask = 2147483647;
			files = (
			);
			runOnlyForDeploymentPostprocessing = 0;
		};
/* End PBXFrameworksBuildPhase section */

/* Begin PBXGroup section */
		03C068EB1D3349FE002907AB = {
			isa = PBXGroup;
			children = (
				03C068F61D3349FE002907AB /* Lab9 */,
				03C068F51D3349FE002907AB /* Products */,
			);
			sourceTree = "<group>";
		};
		03C068F51D3349FE002907AB /* Products */ = {
			isa = PBXGroup;
			children = (
				03C068F41D3349FE002907AB /* Lab9 */,
			);
			name = Products;
			sourceTree = "<group>";
		};
		03C068F61D3349FE002907AB /* Lab9 */ = {
			isa = PBXGroup;
			children = (
				03C068F71D3349FE002907AB /* ezra_lab9_pc1.cpp */,
				03C068FE1D3351A0002907AB /* ezra_lab9_pc2.cpp */,
				03C069001D33ACCE002907AB /* ezra_lab9_pc4.cpp */,
				03C069151D361ACE002907AB /* ezra_lab9_pc5.cpp */,
				03C069171D361DA8002907AB /* ezra_lab9_pc11.cpp */,
			);
			path = Lab9;
			sourceTree = "<group>";
		};
/* End PBXGroup section */

/* Begin PBXNativeTarget section */
		03C068F31D3349FE002907AB /* Lab9 */ = {
			isa = PBXNativeTarget;
			buildConfigurationList = 03C068FB1D3349FE002907AB /* Build configuration list for PBXNativeTarget "Lab9" */;
			buildPhases = (
				03C068F01D3349FE002907AB /* Sources */,
				03C068F11D3349FE002907AB /* Frameworks */,
				03C068F21D3349FE002907AB /* CopyFiles */,
			);
			buildRules = (
			);
			dependencies = (
			);
			name = Lab9;
			productName = Lab9;
			productReference = 03C068F41D3349FE002907AB /* Lab9 */;
			productType = "com.apple.product-type.tool";
		};
/* End PBXNativeTarget section */

/* Begin PBXProject section */
		03C068EC1D3349FE002907AB /* Project object */ = {
			isa = PBXProject;
			attributes = {
				LastUpgradeCheck = 0730;
				ORGANIZATIONNAME = "Ezra Chang";
				TargetAttributes = {
					03C068F31D3349FE002907AB = {
						CreatedOnToolsVersion = 7.3.1;
					};
				};
			};
			buildConfigurationList = 03C068EF1D3349FE002907AB /* Build configuration list for PBXProject "Lab9" */;
			compatibilityVersion = "Xcode 3.2";
			developmentRegion = English;
			hasScannedForEncodings = 0;
			knownRegions = (
				en,
			);
			mainGroup = 03C068EB1D3349FE002907AB;
			productRefGroup = 03C068F51D3349FE002907AB /* Products */;
			projectDirPath = "";
			projectRoot = "";
			targets = (
				03C068F31D3349FE002907AB /* Lab9 */,
			);
		};
/* End PBXProject section */

/* Begin PBXSourcesBuildPhase section */
		03C068F01D3349FE002907AB /* Sources */ = {
			isa = PBXSourcesBuildPhase;
			buildActionMask = 2147483647;
			files = (
				03C068F81D3349FE002907AB /* ezra_lab9_pc1.cpp in Sources */,
				03C069011D33ACCE002907AB /* ezra_lab9_pc4.cpp in Sources */,
				03C069181D361DA8002907AB /* ezra_lab9_pc11.cpp in Sources */,
				03C069161D361ACE002907AB /* ezra_lab9_pc5.cpp in Sources */,
				03C068FF1D3351A0002907AB /* ezra_lab9_pc2.cpp in Sources */,
			);
			runOnlyForDeploymentPostprocessing = 0;
		};
/* End PBXSourcesBuildPhase section */

/* Begin XCBuildConfiguration section */
		03C068F91D3349FE002907AB /* Debug */ = {
			isa = XCBuildConfiguration;
			buildSettings = {
				ALWAYS_SEARCH_USER_PATHS = NO;
				CLANG_ANALYZER_NONNULL = YES;
				CLANG_CXX_LANGUAGE_STANDARD = "gnu++0x";
				CLANG_CXX_LIBRARY = "libc++";
				CLANG_ENABLE_MODULES = YES;
				CLANG_ENABLE_OBJC_ARC = YES;
				CLANG_WARN_BOOL_CONVERSION = YES;
				CLANG_WARN_CONSTANT_CONVERSION = YES;
				CLANG_WARN_DIRECT_OBJC_ISA_USAGE = YES_ERROR;
				CLANG_WARN_EMPTY_BODY = YES;
				CLANG_WARN_ENUM_CONVERSION = YES;
				CLANG_WARN_INT_CONVERSION = YES;
				CLANG_WARN_OBJC_ROOT_CLASS = YES_ERROR;
				CLANG_WARN_UNREACHABLE_CODE = YES;
				CLANG_WARN__DUPLICATE_METHOD_MATCH = YES;
				CODE_SIGN_IDENTITY = "-";
				COPY_PHASE_STRIP = NO;
				DEBUG_INFORMATION_FORMAT = dwarf;
				ENABLE_STRICT_OBJC_MSGSEND = YES;
				ENABLE_TESTABILITY = YES;
				GCC_C_LANGUAGE_STANDARD = gnu99;
				GCC_DYNAMIC_NO_PIC = NO;
				GCC_NO_COMMON_BLOCKS = YES;
				GCC_OPTIMIZATION_LEVEL = 0;
				GCC_PREPROCESSOR_DEFINITIONS = (
					"DEBUG=1",
					"$(inherited)",
				);
				GCC_WARN_64_TO_32_BIT_CONVERSION = YES;
				GCC_WARN_ABOUT_RETURN_TYPE = YES_ERROR;
				GCC_WARN_UNDECLARED_SELECTOR = YES;
				GCC_WARN_UNINITIALIZED_AUTOS = YES_AGGRESSIVE;
				GCC_WARN_UNUSED_FUNCTION = YES;
				GCC_WARN_UNUSED_VARIABLE = YES;
				MACOSX_DEPLOYMENT_TARGET = 10.11;
				MTL_ENABLE_DEBUG_INFO = YES;
				ONLY_ACTIVE_ARCH = YES;
				SDKROOT = macosx;
			};
			name = Debug;
		};
		03C068FA1D3349FE002907AB /* Release */ = {
			isa = XCBuildConfiguration;
			buildSettings = {
				ALWAYS_SEARCH_USER_PATHS = NO;
				CLANG_ANALYZER_NONNULL = YES;
				CLANG_CXX_LANGUAGE_STANDARD = "gnu++0x";
				CLANG_CXX_LIBRARY = "libc++";
				CLANG_ENABLE_MODULES = YES;
				CLANG_ENABLE_OBJC_ARC = YES;
				CLANG_WARN_BOOL_CONVERSION = YES;
				CLANG_WARN_CONSTANT_CONVERSION = YES;
				CLANG_WARN_DIRECT_OBJC_ISA_USAGE = YES_ERROR;
				CLANG_WARN_EMPTY_BODY = YES;
				CLANG_WARN_ENUM_CONVERSION = YES;
				CLANG_WARN_INT_CONVERSION = YES;
				CLANG_WARN_OBJC_ROOT_CLASS = YES_ERROR;
				CLANG_WARN_UNREACHABLE_CODE = YES;
				CLANG_WARN__DUPLICATE_METHOD_MATCH = YES;
				CODE_SIGN_IDENTITY = "-";
				COPY_PHASE_STRIP = NO;
				DEBUG_INFORMATION_FORMAT = "dwarf-with-dsym";
				ENABLE_NS_ASSERTIONS = NO;
				ENABLE_STRICT_OBJC_MSGSEND = YES;
				GCC_C_LANGUAGE_STANDARD = gnu99;
				GCC_NO_COMMON_BLOCKS = YES;
				GCC_WARN_64_TO_32_BIT_CONVERSION = YES;
				GCC_WARN_ABOUT_RETURN_TYPE = YES_ERROR;
				GCC_WARN_UNDECLARED_SELECTOR = YES;
				GCC_WARN_UNINITIALIZED_AUTOS = YES_AGGRESSIVE;
				GCC_WARN_UNUSED_FUNCTION = YES;
				GCC_WARN_UNUSED_VARIABLE = YES;
				MACOSX_DEPLOYMENT_TARGET = 10.11;
				MTL_ENABLE_DEBUG_INFO = NO;
				SDKROOT = macosx;
			};
			name = Release;
		};
		03C068FC1D3349FE002907AB /* Debug */ = {
			isa = XCBuildConfiguration;
			buildSettings = {
				PRODUCT_NAME = "$(TARGET_NAME)";
			};
			name = Debug;
		};
		03C068FD1D3349FE002907AB /* Release */ = {
			isa = XCBuildConfiguration;
			buildSettings = {
				PRODUCT_NAME = "$(TARGET_NAME)";
			};
			name = Release;
		};
/* End XCBuildConfiguration section */

/* Begin XCConfigurationList section */
		03C068EF1D3349FE002907AB /* Build configuration list for PBXProject "Lab9" */ = {
			isa = XCConfigurationList;
			buildConfigurations = (
				03C068F91D3349FE002907AB /* Debug */,
				03C068FA1D3349FE002907AB /* Release */,
			);
			defaultConfigurationIsVisible = 0;
			defaultConfigurationName = Release;
		};
		03C068FB1D3349FE002907AB /* Build configuration list for PBXNativeTarget "Lab9" */ = {
			isa = XCConfigurationList;
			buildConfigurations = (
				03C068FC1D3349FE002907AB /* Debug */,
				03C068FD1D3349FE002907AB /* Release */,
			);
			defaultConfigurationIsVisible = 0;
			defaultConfigurationName = Release;
		};
/* End XCConfigurationList section */
	};
	rootObject = 03C068EC1D3349FE002907AB /* Project object */;
}
