// !$*UTF8*$!
{
	archiveVersion = 1;
	classes = {
	};
	objectVersion = 46;
	objects = {

/* Begin PBXBuildFile section */
		03293BA21D492BF000C1C031 /* main.cpp in Sources */ = {isa = PBXBuildFile; fileRef = 03293BA11D492BF000C1C031 /* main.cpp */; };
		03293BAA1D492C3000C1C031 /* Car.cpp in Sources */ = {isa = PBXBuildFile; fileRef = 03293BA81D492C3000C1C031 /* Car.cpp */; };
/* End PBXBuildFile section */

/* Begin PBXCopyFilesBuildPhase section */
		03293B9C1D492BF000C1C031 /* CopyFiles */ = {
			isa = PBXCopyFilesBuildPhase;
			buildActionMask = 2147483647;
			dstPath = /usr/share/man/man1/;
			dstSubfolderSpec = 0;
			files = (
			);
			runOnlyForDeploymentPostprocessing = 1;
		};
/* End PBXCopyFilesBuildPhase section */

/* Begin PBXFileReference section */
		03293B9E1D492BF000C1C031 /* Question2 */ = {isa = PBXFileReference; explicitFileType = "compiled.mach-o.executable"; includeInIndex = 0; path = Question2; sourceTree = BUILT_PRODUCTS_DIR; };
		03293BA11D492BF000C1C031 /* main.cpp */ = {isa = PBXFileReference; lastKnownFileType = sourcecode.cpp.cpp; path = main.cpp; sourceTree = "<group>"; };
		03293BA81D492C3000C1C031 /* Car.cpp */ = {isa = PBXFileReference; fileEncoding = 4; lastKnownFileType = sourcecode.cpp.cpp; path = Car.cpp; sourceTree = "<group>"; };
		03293BA91D492C3000C1C031 /* Car.hpp */ = {isa = PBXFileReference; fileEncoding = 4; lastKnownFileType = sourcecode.cpp.h; path = Car.hpp; sourceTree = "<group>"; };
/* End PBXFileReference section */

/* Begin PBXFrameworksBuildPhase section */
		03293B9B1D492BF000C1C031 /* Frameworks */ = {
			isa = PBXFrameworksBuildPhase;
			buildActionMask = 2147483647;
			files = (
			);
			runOnlyForDeploymentPostprocessing = 0;
		};
/* End PBXFrameworksBuildPhase section */

/* Begin PBXGroup section */
		03293B951D492BF000C1C031 = {
			isa = PBXGroup;
			children = (
				03293BA01D492BF000C1C031 /* Question2 */,
				03293B9F1D492BF000C1C031 /* Products */,
			);
			sourceTree = "<group>";
		};
		03293B9F1D492BF000C1C031 /* Products */ = {
			isa = PBXGroup;
			children = (
				03293B9E1D492BF000C1C031 /* Question2 */,
			);
			name = Products;
			sourceTree = "<group>";
		};
		03293BA01D492BF000C1C031 /* Question2 */ = {
			isa = PBXGroup;
			children = (
				03293BA11D492BF000C1C031 /* main.cpp */,
				03293BA81D492C3000C1C031 /* Car.cpp */,
				03293BA91D492C3000C1C031 /* Car.hpp */,
			);
			path = Question2;
			sourceTree = "<group>";
		};
/* End PBXGroup section */

/* Begin PBXNativeTarget section */
		03293B9D1D492BF000C1C031 /* Question2 */ = {
			isa = PBXNativeTarget;
			buildConfigurationList = 03293BA51D492BF000C1C031 /* Build configuration list for PBXNativeTarget "Question2" */;
			buildPhases = (
				03293B9A1D492BF000C1C031 /* Sources */,
				03293B9B1D492BF000C1C031 /* Frameworks */,
				03293B9C1D492BF000C1C031 /* CopyFiles */,
			);
			buildRules = (
			);
			dependencies = (
			);
			name = Question2;
			productName = Question2;
			productReference = 03293B9E1D492BF000C1C031 /* Question2 */;
			productType = "com.apple.product-type.tool";
		};
/* End PBXNativeTarget section */

/* Begin PBXProject section */
		03293B961D492BF000C1C031 /* Project object */ = {
			isa = PBXProject;
			attributes = {
				LastUpgradeCheck = 0730;
				ORGANIZATIONNAME = "Ezra Chang";
				TargetAttributes = {
					03293B9D1D492BF000C1C031 = {
						CreatedOnToolsVersion = 7.3.1;
					};
				};
			};
			buildConfigurationList = 03293B991D492BF000C1C031 /* Build configuration list for PBXProject "Question2" */;
			compatibilityVersion = "Xcode 3.2";
			developmentRegion = English;
			hasScannedForEncodings = 0;
			knownRegions = (
				en,
			);
			mainGroup = 03293B951D492BF000C1C031;
			productRefGroup = 03293B9F1D492BF000C1C031 /* Products */;
			projectDirPath = "";
			projectRoot = "";
			targets = (
				03293B9D1D492BF000C1C031 /* Question2 */,
			);
		};
/* End PBXProject section */

/* Begin PBXSourcesBuildPhase section */
		03293B9A1D492BF000C1C031 /* Sources */ = {
			isa = PBXSourcesBuildPhase;
			buildActionMask = 2147483647;
			files = (
				03293BAA1D492C3000C1C031 /* Car.cpp in Sources */,
				03293BA21D492BF000C1C031 /* main.cpp in Sources */,
			);
			runOnlyForDeploymentPostprocessing = 0;
		};
/* End PBXSourcesBuildPhase section */

/* Begin XCBuildConfiguration section */
		03293BA31D492BF000C1C031 /* Debug */ = {
			isa = XCBuildConfiguration;
			buildSettings = {
				ALWAYS_SEARCH_USER_PATHS = NO;
				CLANG_ANALYZER_NONNULL = YES;
				CLANG_CXX_LANGUAGE_STANDARD = "gnu++0x";
				CLANG_CXX_LIBRARY = "libc++";
				CLANG_ENABLE_MODULES = YES;
				CLANG_ENABLE_OBJC_ARC = YES;
				CLANG_WARN_BOOL_CONVERSION = YES;
				CLANG_WARN_CONSTANT_CONVERSION = YES;
				CLANG_WARN_DIRECT_OBJC_ISA_USAGE = YES_ERROR;
				CLANG_WARN_EMPTY_BODY = YES;
				CLANG_WARN_ENUM_CONVERSION = YES;
				CLANG_WARN_INT_CONVERSION = YES;
				CLANG_WARN_OBJC_ROOT_CLASS = YES_ERROR;
				CLANG_WARN_UNREACHABLE_CODE = YES;
				CLANG_WARN__DUPLICATE_METHOD_MATCH = YES;
				CODE_SIGN_IDENTITY = "-";
				COPY_PHASE_STRIP = NO;
				DEBUG_INFORMATION_FORMAT = dwarf;
				ENABLE_STRICT_OBJC_MSGSEND = YES;
				ENABLE_TESTABILITY = YES;
				GCC_C_LANGUAGE_STANDARD = gnu99;
				GCC_DYNAMIC_NO_PIC = NO;
				GCC_NO_COMMON_BLOCKS = YES;
				GCC_OPTIMIZATION_LEVEL = 0;
				GCC_PREPROCESSOR_DEFINITIONS = (
					"DEBUG=1",
					"$(inherited)",
				);
				GCC_WARN_64_TO_32_BIT_CONVERSION = YES;
				GCC_WARN_ABOUT_RETURN_TYPE = YES_ERROR;
				GCC_WARN_UNDECLARED_SELECTOR = YES;
				GCC_WARN_UNINITIALIZED_AUTOS = YES_AGGRESSIVE;
				GCC_WARN_UNUSED_FUNCTION = YES;
				GCC_WARN_UNUSED_VARIABLE = YES;
				MACOSX_DEPLOYMENT_TARGET = 10.11;
				MTL_ENABLE_DEBUG_INFO = YES;
				ONLY_ACTIVE_ARCH = YES;
				SDKROOT = macosx;
			};
			name = Debug;
		};
		03293BA41D492BF000C1C031 /* Release */ = {
			isa = XCBuildConfiguration;
			buildSettings = {
				ALWAYS_SEARCH_USER_PATHS = NO;
				CLANG_ANALYZER_NONNULL = YES;
				CLANG_CXX_LANGUAGE_STANDARD = "gnu++0x";
				CLANG_CXX_LIBRARY = "libc++";
				CLANG_ENABLE_MODULES = YES;
				CLANG_ENABLE_OBJC_ARC = YES;
				CLANG_WARN_BOOL_CONVERSION = YES;
				CLANG_WARN_CONSTANT_CONVERSION = YES;
				CLANG_WARN_DIRECT_OBJC_ISA_USAGE = YES_ERROR;
				CLANG_WARN_EMPTY_BODY = YES;
				CLANG_WARN_ENUM_CONVERSION = YES;
				CLANG_WARN_INT_CONVERSION = YES;
				CLANG_WARN_OBJC_ROOT_CLASS = YES_ERROR;
				CLANG_WARN_UNREACHABLE_CODE = YES;
				CLANG_WARN__DUPLICATE_METHOD_MATCH = YES;
				CODE_SIGN_IDENTITY = "-";
				COPY_PHASE_STRIP = NO;
				DEBUG_INFORMATION_FORMAT = "dwarf-with-dsym";
				ENABLE_NS_ASSERTIONS = NO;
				ENABLE_STRICT_OBJC_MSGSEND = YES;
				GCC_C_LANGUAGE_STANDARD = gnu99;
				GCC_NO_COMMON_BLOCKS = YES;
				GCC_WARN_64_TO_32_BIT_CONVERSION = YES;
				GCC_WARN_ABOUT_RETURN_TYPE = YES_ERROR;
				GCC_WARN_UNDECLARED_SELECTOR = YES;
				GCC_WARN_UNINITIALIZED_AUTOS = YES_AGGRESSIVE;
				GCC_WARN_UNUSED_FUNCTION = YES;
				GCC_WARN_UNUSED_VARIABLE = YES;
				MACOSX_DEPLOYMENT_TARGET = 10.11;
				MTL_ENABLE_DEBUG_INFO = NO;
				SDKROOT = macosx;
			};
			name = Release;
		};
		03293BA61D492BF000C1C031 /* Debug */ = {
			isa = XCBuildConfiguration;
			buildSettings = {
				PRODUCT_NAME = "$(TARGET_NAME)";
			};
			name = Debug;
		};
		03293BA71D492BF000C1C031 /* Release */ = {
			isa = XCBuildConfiguration;
			buildSettings = {
				PRODUCT_NAME = "$(TARGET_NAME)";
			};
			name = Release;
		};
/* End XCBuildConfiguration section */

/* Begin XCConfigurationList section */
		03293B991D492BF000C1C031 /* Build configuration list for PBXProject "Question2" */ = {
			isa = XCConfigurationList;
			buildConfigurations = (
				03293BA31D492BF000C1C031 /* Debug */,
				03293BA41D492BF000C1C031 /* Release */,
			);
			defaultConfigurationIsVisible = 0;
			defaultConfigurationName = Release;
		};
		03293BA51D492BF000C1C031 /* Build configuration list for PBXNativeTarget "Question2" */ = {
			isa = XCConfigurationList;
			buildConfigurations = (
				03293BA61D492BF000C1C031 /* Debug */,
				03293BA71D492BF000C1C031 /* Release */,
			);
			defaultConfigurationIsVisible = 0;
		};
/* End XCConfigurationList section */
	};
	rootObject = 03293B961D492BF000C1C031 /* Project object */;
}
